
Microsoft Visual Studio Solution File, Format Version 12.00
# Visual Studio Version 16
VisualStudioVersion = 16.0.30128.74
MinimumVisualStudioVersion = 10.0.40219.1
Project("{FAE04EC0-301F-11D3-BF4B-00C04F79EFBC}") = "Kursovaya", "Kursovaya.csproj", "{821B3B66-53E2-4C77-87B0-690D9D025DEE}"
EndProject
Global
	GlobalSection(SolutionConfigurationPlatforms) = preSolution
		Debug|Any CPU = Debug|Any CPU
		Release|Any CPU = Release|Any CPU
	EndGlobalSection
	GlobalSection(ProjectConfigurationPlatforms) = postSolution
		{821B3B66-53E2-4C77-87B0-690D9D025DEE}.Debug|Any CPU.ActiveCfg = Debug|Any CPU
		{821B3B66-53E2-4C77-87B0-690D9D025DEE}.Debug|Any CPU.Build.0 = Debug|Any CPU
		{821B3B66-53E2-4C77-87B0-690D9D025DEE}.Release|Any CPU.ActiveCfg = Release|Any CPU
		{821B3B66-53E2-4C77-87B0-690D9D025DEE}.Release|Any CPU.Build.0 = Release|Any CPU
	EndGlobalSection
	GlobalSection(SolutionProperties) = preSolution
		HideSolutionNode = FALSE
	EndGlobalSection
	GlobalSection(ExtensibilityGlobals) = postSolution
		SolutionGuid = {6B163EC8-2133-45A4-BB66-60D39E735437}
	EndGlobalSection
EndGlobal
